
Microsoft Visual Studio Solution File, Format Version 12.00
# Visual Studio Version 17
VisualStudioVersion = 17.10.35027.167
MinimumVisualStudioVersion = 10.0.40219.1
Project("{9A19103F-16F7-4668-BE54-9A1E7A4F7556}") = "SellBookWeb", "SellBookWeb.csproj", "{5B6ED9F4-165D-4574-B6B6-F4BC59BD24FC}"
EndProject
Project("{9A19103F-16F7-4668-BE54-9A1E7A4F7556}") = "SellBookWebRazor_Temp", "..\SellBookWebRazor_Temp\SellBookWebRazor_Temp.csproj", "{CE71888F-A376-4CBD-9F5D-88CE68AEBC43}"
EndProject
Project("{FAE04EC0-301F-11D3-BF4B-00C04F79EFBC}") = "SellBook.DataAccess", "..\SellBook.DataAccess\SellBook.DataAccess.csproj", "{C0B9454B-D9EF-43FD-A058-124E032FB5DB}"
EndProject
Project("{FAE04EC0-301F-11D3-BF4B-00C04F79EFBC}") = "SellBook.Models", "..\SellBook.Models\SellBook.Models.csproj", "{D685CE9A-3539-42F1-A494-EA545CBE0DEA}"
EndProject
Project("{FAE04EC0-301F-11D3-BF4B-00C04F79EFBC}") = "SellBook.Utility", "..\SellBook.Utility\SellBook.Utility.csproj", "{F3803F6B-ACF9-4FB6-B625-AF116A382C61}"
EndProject
Global
	GlobalSection(SolutionConfigurationPlatforms) = preSolution
		Debug|Any CPU = Debug|Any CPU
		Release|Any CPU = Release|Any CPU
	EndGlobalSection
	GlobalSection(ProjectConfigurationPlatforms) = postSolution
		{5B6ED9F4-165D-4574-B6B6-F4BC59BD24FC}.Debug|Any CPU.ActiveCfg = Debug|Any CPU
		{5B6ED9F4-165D-4574-B6B6-F4BC59BD24FC}.Debug|Any CPU.Build.0 = Debug|Any CPU
		{5B6ED9F4-165D-4574-B6B6-F4BC59BD24FC}.Release|Any CPU.ActiveCfg = Release|Any CPU
		{5B6ED9F4-165D-4574-B6B6-F4BC59BD24FC}.Release|Any CPU.Build.0 = Release|Any CPU
		{CE71888F-A376-4CBD-9F5D-88CE68AEBC43}.Debug|Any CPU.ActiveCfg = Debug|Any CPU
		{CE71888F-A376-4CBD-9F5D-88CE68AEBC43}.Debug|Any CPU.Build.0 = Debug|Any CPU
		{CE71888F-A376-4CBD-9F5D-88CE68AEBC43}.Release|Any CPU.ActiveCfg = Release|Any CPU
		{CE71888F-A376-4CBD-9F5D-88CE68AEBC43}.Release|Any CPU.Build.0 = Release|Any CPU
		{C0B9454B-D9EF-43FD-A058-124E032FB5DB}.Debug|Any CPU.ActiveCfg = Debug|Any CPU
		{C0B9454B-D9EF-43FD-A058-124E032FB5DB}.Debug|Any CPU.Build.0 = Debug|Any CPU
		{C0B9454B-D9EF-43FD-A058-124E032FB5DB}.Release|Any CPU.ActiveCfg = Release|Any CPU
		{C0B9454B-D9EF-43FD-A058-124E032FB5DB}.Release|Any CPU.Build.0 = Release|Any CPU
		{D685CE9A-3539-42F1-A494-EA545CBE0DEA}.Debug|Any CPU.ActiveCfg = Debug|Any CPU
		{D685CE9A-3539-42F1-A494-EA545CBE0DEA}.Debug|Any CPU.Build.0 = Debug|Any CPU
		{D685CE9A-3539-42F1-A494-EA545CBE0DEA}.Release|Any CPU.ActiveCfg = Release|Any CPU
		{D685CE9A-3539-42F1-A494-EA545CBE0DEA}.Release|Any CPU.Build.0 = Release|Any CPU
		{F3803F6B-ACF9-4FB6-B625-AF116A382C61}.Debug|Any CPU.ActiveCfg = Debug|Any CPU
		{F3803F6B-ACF9-4FB6-B625-AF116A382C61}.Debug|Any CPU.Build.0 = Debug|Any CPU
		{F3803F6B-ACF9-4FB6-B625-AF116A382C61}.Release|Any CPU.ActiveCfg = Release|Any CPU
		{F3803F6B-ACF9-4FB6-B625-AF116A382C61}.Release|Any CPU.Build.0 = Release|Any CPU
	EndGlobalSection
	GlobalSection(SolutionProperties) = preSolution
		HideSolutionNode = FALSE
	EndGlobalSection
	GlobalSection(ExtensibilityGlobals) = postSolution
		SolutionGuid = {34622458-6FB4-4C99-9037-5B5D132A64E1}
	EndGlobalSection
EndGlobal
